
Microsoft Visual Studio Solution File, Format Version 12.00
# Visual Studio Version 17
VisualStudioVersion = 17.13.35913.81 d17.13
MinimumVisualStudioVersion = 10.0.40219.1
Project("{FAE04EC0-301F-11D3-BF4B-00C04F79EFBC}") = "Merhaba", "Merhaba.csproj", "{9ED40BBE-8D9C-4ED5-8078-37815B8CB6B5}"
EndProject
Global
	GlobalSection(SolutionConfigurationPlatforms) = preSolution
		Debug|Any CPU = Debug|Any CPU
		Release|Any CPU = Release|Any CPU
	EndGlobalSection
	GlobalSection(ProjectConfigurationPlatforms) = postSolution
		{9ED40BBE-8D9C-4ED5-8078-37815B8CB6B5}.Debug|Any CPU.ActiveCfg = Debug|Any CPU
		{9ED40BBE-8D9C-4ED5-8078-37815B8CB6B5}.Debug|Any CPU.Build.0 = Debug|Any CPU
		{9ED40BBE-8D9C-4ED5-8078-37815B8CB6B5}.Release|Any CPU.ActiveCfg = Release|Any CPU
		{9ED40BBE-8D9C-4ED5-8078-37815B8CB6B5}.Release|Any CPU.Build.0 = Release|Any CPU
	EndGlobalSection
	GlobalSection(SolutionProperties) = preSolution
		HideSolutionNode = FALSE
	EndGlobalSection
	GlobalSection(ExtensibilityGlobals) = postSolution
		SolutionGuid = {8F6EF9C2-D8BA-459E-8696-89523D1F7834}
	EndGlobalSection
EndGlobal
