
Microsoft Visual Studio Solution File, Format Version 12.00
# Visual Studio Version 17
VisualStudioVersion = 17.13.35913.81 d17.13
MinimumVisualStudioVersion = 10.0.40219.1
Project("{FAE04EC0-301F-11D3-BF4B-00C04F79EFBC}") = "HesapMakinesi", "HesapMakinesi.csproj", "{7E5110D4-782C-4F96-8D1F-257FAA5F248E}"
EndProject
Global
	GlobalSection(SolutionConfigurationPlatforms) = preSolution
		Debug|Any CPU = Debug|Any CPU
		Release|Any CPU = Release|Any CPU
	EndGlobalSection
	GlobalSection(ProjectConfigurationPlatforms) = postSolution
		{7E5110D4-782C-4F96-8D1F-257FAA5F248E}.Debug|Any CPU.ActiveCfg = Debug|Any CPU
		{7E5110D4-782C-4F96-8D1F-257FAA5F248E}.Debug|Any CPU.Build.0 = Debug|Any CPU
		{7E5110D4-782C-4F96-8D1F-257FAA5F248E}.Release|Any CPU.ActiveCfg = Release|Any CPU
		{7E5110D4-782C-4F96-8D1F-257FAA5F248E}.Release|Any CPU.Build.0 = Release|Any CPU
	EndGlobalSection
	GlobalSection(SolutionProperties) = preSolution
		HideSolutionNode = FALSE
	EndGlobalSection
	GlobalSection(ExtensibilityGlobals) = postSolution
		SolutionGuid = {33C98AFA-E7E2-4846-9240-2D1B8FCF111B}
	EndGlobalSection
EndGlobal
